
Microsoft Visual Studio Solution File, Format Version 12.00
# Visual Studio Version 17
VisualStudioVersion = 17.11.35222.181
MinimumVisualStudioVersion = 10.0.40219.1
Project("{FAE04EC0-301F-11D3-BF4B-00C04F79EFBC}") = "musical", "musical\musical.csproj", "{29975484-6189-4D75-8EB5-9395553E8B1C}"
EndProject
Global
	GlobalSection(SolutionConfigurationPlatforms) = preSolution
		Debug|Any CPU = Debug|Any CPU
		Release|Any CPU = Release|Any CPU
	EndGlobalSection
	GlobalSection(ProjectConfigurationPlatforms) = postSolution
		{29975484-6189-4D75-8EB5-9395553E8B1C}.Debug|Any CPU.ActiveCfg = Debug|Any CPU
		{29975484-6189-4D75-8EB5-9395553E8B1C}.Debug|Any CPU.Build.0 = Debug|Any CPU
		{29975484-6189-4D75-8EB5-9395553E8B1C}.Release|Any CPU.ActiveCfg = Release|Any CPU
		{29975484-6189-4D75-8EB5-9395553E8B1C}.Release|Any CPU.Build.0 = Release|Any CPU
	EndGlobalSection
	GlobalSection(SolutionProperties) = preSolution
		HideSolutionNode = FALSE
	EndGlobalSection
	GlobalSection(ExtensibilityGlobals) = postSolution
		SolutionGuid = {4264C997-B2AB-4E35-BF48-1975D0675E54}
	EndGlobalSection
EndGlobal
